// !$*UTF8*$!
{
	archiveVersion = 1;
	classes = {
	};
	objectVersion = 77;
	objects = {

/* Begin PBXContainerItemProxy section */
		F11C289C2DB9D8FE00696581 /* PBXContainerItemProxy */ = {
			isa = PBXContainerItemProxy;
			containerPortal = F11C28832DB9D8FD00696581 /* Project object */;
			proxyType = 1;
			remoteGlobalIDString = F11C288A2DB9D8FD00696581;
			remoteInfo = Appetiziers;
		};
		F11C28A62DB9D8FE00696581 /* PBXContainerItemProxy */ = {
			isa = PBXContainerItemProxy;
			containerPortal = F11C28832DB9D8FD00696581 /* Project object */;
			proxyType = 1;
			remoteGlobalIDString = F11C288A2DB9D8FD00696581;
			remoteInfo = Appetiziers;
		};
/* End PBXContainerItemProxy section */

/* Begin PBXFileReference section */
		F11C288B2DB9D8FD00696581 /* Appetiziers.app */ = {isa = PBXFileReference; explicitFileType = wrapper.application; includeInIndex = 0; path = Appetiziers.app; sourceTree = BUILT_PRODUCTS_DIR; };
		F11C289B2DB9D8FE00696581 /* AppetiziersTests.xctest */ = {isa = PBXFileReference; explicitFileType = wrapper.cfbundle; includeInIndex = 0; path = AppetiziersTests.xctest; sourceTree = BUILT_PRODUCTS_DIR; };
		F11C28A52DB9D8FE00696581 /* AppetiziersUITests.xctest */ = {isa = PBXFileReference; explicitFileType = wrapper.cfbundle; includeInIndex = 0; path = AppetiziersUITests.xctest; sourceTree = BUILT_PRODUCTS_DIR; };
/* End PBXFileReference section */

/* Begin PBXFileSystemSynchronizedRootGroup section */
		F11C288D2DB9D8FD00696581 /* Appetiziers */ = {
			isa = PBXFileSystemSynchronizedRootGroup;
			path = Appetiziers;
			sourceTree = "<group>";
		};
		F11C289E2DB9D8FE00696581 /* AppetiziersTests */ = {
			isa = PBXFileSystemSynchronizedRootGroup;
			path = AppetiziersTests;
			sourceTree = "<group>";
		};
		F11C28A82DB9D8FE00696581 /* AppetiziersUITests */ = {
			isa = PBXFileSystemSynchronizedRootGroup;
			path = AppetiziersUITests;
			sourceTree = "<group>";
		};
/* End PBXFileSystemSynchronizedRootGroup section */

/* Begin PBXFrameworksBuildPhase section */
		F11C28882DB9D8FD00696581 /* Frameworks */ = {
			isa = PBXFrameworksBuildPhase;
			buildActionMask = 2147483647;
			files = (
			);
			runOnlyForDeploymentPostprocessing = 0;
		};
		F11C28982DB9D8FE00696581 /* Frameworks */ = {
			isa = PBXFrameworksBuildPhase;
			buildActionMask = 2147483647;
			files = (
			);
			runOnlyForDeploymentPostprocessing = 0;
		};
		F11C28A22DB9D8FE00696581 /* Frameworks */ = {
			isa = PBXFrameworksBuildPhase;
			buildActionMask = 2147483647;
			files = (
			);
			runOnlyForDeploymentPostprocessing = 0;
		};
/* End PBXFrameworksBuildPhase section */

/* Begin PBXGroup section */
		F11C28822DB9D8FD00696581 = {
			isa = PBXGroup;
			children = (
				F11C288D2DB9D8FD00696581 /* Appetiziers */,
				F11C289E2DB9D8FE00696581 /* AppetiziersTests */,
				F11C28A82DB9D8FE00696581 /* AppetiziersUITests */,
				F11C288C2DB9D8FD00696581 /* Products */,
			);
			sourceTree = "<group>";
		};
		F11C288C2DB9D8FD00696581 /* Products */ = {
			isa = PBXGroup;
			children = (
				F11C288B2DB9D8FD00696581 /* Appetiziers.app */,
				F11C289B2DB9D8FE00696581 /* AppetiziersTests.xctest */,
				F11C28A52DB9D8FE00696581 /* AppetiziersUITests.xctest */,
			);
			name = Products;
			sourceTree = "<group>";
		};
/* End PBXGroup section */

/* Begin PBXNativeTarget section */
		F11C288A2DB9D8FD00696581 /* Appetiziers */ = {
			isa = PBXNativeTarget;
			buildConfigurationList = F11C28AF2DB9D8FE00696581 /* Build configuration list for PBXNativeTarget "Appetiziers" */;
			buildPhases = (
				F11C28872DB9D8FD00696581 /* Sources */,
				F11C28882DB9D8FD00696581 /* Frameworks */,
				F11C28892DB9D8FD00696581 /* Resources */,
			);
			buildRules = (
			);
			dependencies = (
			);
			fileSystemSynchronizedGroups = (
				F11C288D2DB9D8FD00696581 /* Appetiziers */,
			);
			name = Appetiziers;
			packageProductDependencies = (
			);
			productName = Appetiziers;
			productReference = F11C288B2DB9D8FD00696581 /* Appetiziers.app */;
			productType = "com.apple.product-type.application";
		};
		F11C289A2DB9D8FE00696581 /* AppetiziersTests */ = {
			isa = PBXNativeTarget;
			buildConfigurationList = F11C28B22DB9D8FE00696581 /* Build configuration list for PBXNativeTarget "AppetiziersTests" */;
			buildPhases = (
				F11C28972DB9D8FE00696581 /* Sources */,
				F11C28982DB9D8FE00696581 /* Frameworks */,
				F11C28992DB9D8FE00696581 /* Resources */,
			);
			buildRules = (
			);
			dependencies = (
				F11C289D2DB9D8FE00696581 /* PBXTargetDependency */,
			);
			fileSystemSynchronizedGroups = (
				F11C289E2DB9D8FE00696581 /* AppetiziersTests */,
			);
			name = AppetiziersTests;
			packageProductDependencies = (
			);
			productName = AppetiziersTests;
			productReference = F11C289B2DB9D8FE00696581 /* AppetiziersTests.xctest */;
			productType = "com.apple.product-type.bundle.unit-test";
		};
		F11C28A42DB9D8FE00696581 /* AppetiziersUITests */ = {
			isa = PBXNativeTarget;
			buildConfigurationList = F11C28B52DB9D8FE00696581 /* Build configuration list for PBXNativeTarget "AppetiziersUITests" */;
			buildPhases = (
				F11C28A12DB9D8FE00696581 /* Sources */,
				F11C28A22DB9D8FE00696581 /* Frameworks */,
				F11C28A32DB9D8FE00696581 /* Resources */,
			);
			buildRules = (
			);
			dependencies = (
				F11C28A72DB9D8FE00696581 /* PBXTargetDependency */,
			);
			fileSystemSynchronizedGroups = (
				F11C28A82DB9D8FE00696581 /* AppetiziersUITests */,
			);
			name = AppetiziersUITests;
			packageProductDependencies = (
			);
			productName = AppetiziersUITests;
			productReference = F11C28A52DB9D8FE00696581 /* AppetiziersUITests.xctest */;
			productType = "com.apple.product-type.bundle.ui-testing";
		};
/* End PBXNativeTarget section */

/* Begin PBXProject section */
		F11C28832DB9D8FD00696581 /* Project object */ = {
			isa = PBXProject;
			attributes = {
				BuildIndependentTargetsInParallel = 1;
				LastSwiftUpdateCheck = 1620;
				LastUpgradeCheck = 1620;
				TargetAttributes = {
					F11C288A2DB9D8FD00696581 = {
						CreatedOnToolsVersion = 16.2;
					};
					F11C289A2DB9D8FE00696581 = {
						CreatedOnToolsVersion = 16.2;
						TestTargetID = F11C288A2DB9D8FD00696581;
					};
					F11C28A42DB9D8FE00696581 = {
						CreatedOnToolsVersion = 16.2;
						TestTargetID = F11C288A2DB9D8FD00696581;
					};
				};
			};
			buildConfigurationList = F11C28862DB9D8FD00696581 /* Build configuration list for PBXProject "Appetiziers" */;
			developmentRegion = en;
			hasScannedForEncodings = 0;
			knownRegions = (
				en,
				Base,
			);
			mainGroup = F11C28822DB9D8FD00696581;
			minimizedProjectReferenceProxies = 1;
			preferredProjectObjectVersion = 77;
			productRefGroup = F11C288C2DB9D8FD00696581 /* Products */;
			projectDirPath = "";
			projectRoot = "";
			targets = (
				F11C288A2DB9D8FD00696581 /* Appetiziers */,
				F11C289A2DB9D8FE00696581 /* AppetiziersTests */,
				F11C28A42DB9D8FE00696581 /* AppetiziersUITests */,
			);
		};
/* End PBXProject section */

/* Begin PBXResourcesBuildPhase section */
		F11C28892DB9D8FD00696581 /* Resources */ = {
			isa = PBXResourcesBuildPhase;
			buildActionMask = 2147483647;
			files = (
			);
			runOnlyForDeploymentPostprocessing = 0;
		};
		F11C28992DB9D8FE00696581 /* Resources */ = {
			isa = PBXResourcesBuildPhase;
			buildActionMask = 2147483647;
			files = (
			);
			runOnlyForDeploymentPostprocessing = 0;
		};
		F11C28A32DB9D8FE00696581 /* Resources */ = {
			isa = PBXResourcesBuildPhase;
			buildActionMask = 2147483647;
			files = (
			);
			runOnlyForDeploymentPostprocessing = 0;
		};
/* End PBXResourcesBuildPhase section */

/* Begin PBXSourcesBuildPhase section */
		F11C28872DB9D8FD00696581 /* Sources */ = {
			isa = PBXSourcesBuildPhase;
			buildActionMask = 2147483647;
			files = (
			);
			runOnlyForDeploymentPostprocessing = 0;
		};
		F11C28972DB9D8FE00696581 /* Sources */ = {
			isa = PBXSourcesBuildPhase;
			buildActionMask = 2147483647;
			files = (
			);
			runOnlyForDeploymentPostprocessing = 0;
		};
		F11C28A12DB9D8FE00696581 /* Sources */ = {
			isa = PBXSourcesBuildPhase;
			buildActionMask = 2147483647;
			files = (
			);
			runOnlyForDeploymentPostprocessing = 0;
		};
/* End PBXSourcesBuildPhase section */

/* Begin PBXTargetDependency section */
		F11C289D2DB9D8FE00696581 /* PBXTargetDependency */ = {
			isa = PBXTargetDependency;
			target = F11C288A2DB9D8FD00696581 /* Appetiziers */;
			targetProxy = F11C289C2DB9D8FE00696581 /* PBXContainerItemProxy */;
		};
		F11C28A72DB9D8FE00696581 /* PBXTargetDependency */ = {
			isa = PBXTargetDependency;
			target = F11C288A2DB9D8FD00696581 /* Appetiziers */;
			targetProxy = F11C28A62DB9D8FE00696581 /* PBXContainerItemProxy */;
		};
/* End PBXTargetDependency section */

/* Begin XCBuildConfiguration section */
		F11C28AD2DB9D8FE00696581 /* Debug */ = {
			isa = XCBuildConfiguration;
			buildSettings = {
				ALWAYS_SEARCH_USER_PATHS = NO;
				ASSETCATALOG_COMPILER_GENERATE_SWIFT_ASSET_SYMBOL_EXTENSIONS = YES;
				CLANG_ANALYZER_NONNULL = YES;
				CLANG_ANALYZER_NUMBER_OBJECT_CONVERSION = YES_AGGRESSIVE;
				CLANG_CXX_LANGUAGE_STANDARD = "gnu++20";
				CLANG_ENABLE_MODULES = YES;
				CLANG_ENABLE_OBJC_ARC = YES;
				CLANG_ENABLE_OBJC_WEAK = YES;
				CLANG_WARN_BLOCK_CAPTURE_AUTORELEASING = YES;
				CLANG_WARN_BOOL_CONVERSION = YES;
				CLANG_WARN_COMMA = YES;
				CLANG_WARN_CONSTANT_CONVERSION = YES;
				CLANG_WARN_DEPRECATED_OBJC_IMPLEMENTATIONS = YES;
				CLANG_WARN_DIRECT_OBJC_ISA_USAGE = YES_ERROR;
				CLANG_WARN_DOCUMENTATION_COMMENTS = YES;
				CLANG_WARN_EMPTY_BODY = YES;
				CLANG_WARN_ENUM_CONVERSION = YES;
				CLANG_WARN_INFINITE_RECURSION = YES;
				CLANG_WARN_INT_CONVERSION = YES;
				CLANG_WARN_NON_LITERAL_NULL_CONVERSION = YES;
				CLANG_WARN_OBJC_IMPLICIT_RETAIN_SELF = YES;
				CLANG_WARN_OBJC_LITERAL_CONVERSION = YES;
				CLANG_WARN_OBJC_ROOT_CLASS = YES_ERROR;
				CLANG_WARN_QUOTED_INCLUDE_IN_FRAMEWORK_HEADER = YES;
				CLANG_WARN_RANGE_LOOP_ANALYSIS = YES;
				CLANG_WARN_STRICT_PROTOTYPES = YES;
				CLANG_WARN_SUSPICIOUS_MOVE = YES;
				CLANG_WARN_UNGUARDED_AVAILABILITY = YES_AGGRESSIVE;
				CLANG_WARN_UNREACHABLE_CODE = YES;
				CLANG_WARN__DUPLICATE_METHOD_MATCH = YES;
				COPY_PHASE_STRIP = NO;
				DEBUG_INFORMATION_FORMAT = dwarf;
				ENABLE_STRICT_OBJC_MSGSEND = YES;
				ENABLE_TESTABILITY = YES;
				ENABLE_USER_SCRIPT_SANDBOXING = YES;
				GCC_C_LANGUAGE_STANDARD = gnu17;
				GCC_DYNAMIC_NO_PIC = NO;
				GCC_NO_COMMON_BLOCKS = YES;
				GCC_OPTIMIZATION_LEVEL = 0;
				GCC_PREPROCESSOR_DEFINITIONS = (
					"DEBUG=1",
					"$(inherited)",
				);
				GCC_WARN_64_TO_32_BIT_CONVERSION = YES;
				GCC_WARN_ABOUT_RETURN_TYPE = YES_ERROR;
				GCC_WARN_UNDECLARED_SELECTOR = YES;
				GCC_WARN_UNINITIALIZED_AUTOS = YES_AGGRESSIVE;
				GCC_WARN_UNUSED_FUNCTION = YES;
				GCC_WARN_UNUSED_VARIABLE = YES;
				IPHONEOS_DEPLOYMENT_TARGET = 18.2;
				LOCALIZATION_PREFERS_STRING_CATALOGS = YES;
				MTL_ENABLE_DEBUG_INFO = INCLUDE_SOURCE;
				MTL_FAST_MATH = YES;
				ONLY_ACTIVE_ARCH = YES;
				SDKROOT = iphoneos;
				SWIFT_ACTIVE_COMPILATION_CONDITIONS = "DEBUG $(inherited)";
				SWIFT_OPTIMIZATION_LEVEL = "-Onone";
			};
			name = Debug;
		};
		F11C28AE2DB9D8FE00696581 /* Release */ = {
			isa = XCBuildConfiguration;
			buildSettings = {
				ALWAYS_SEARCH_USER_PATHS = NO;
				ASSETCATALOG_COMPILER_GENERATE_SWIFT_ASSET_SYMBOL_EXTENSIONS = YES;
				CLANG_ANALYZER_NONNULL = YES;
				CLANG_ANALYZER_NUMBER_OBJECT_CONVERSION = YES_AGGRESSIVE;
				CLANG_CXX_LANGUAGE_STANDARD = "gnu++20";
				CLANG_ENABLE_MODULES = YES;
				CLANG_ENABLE_OBJC_ARC = YES;
				CLANG_ENABLE_OBJC_WEAK = YES;
				CLANG_WARN_BLOCK_CAPTURE_AUTORELEASING = YES;
				CLANG_WARN_BOOL_CONVERSION = YES;
				CLANG_WARN_COMMA = YES;
				CLANG_WARN_CONSTANT_CONVERSION = YES;
				CLANG_WARN_DEPRECATED_OBJC_IMPLEMENTATIONS = YES;
				CLANG_WARN_DIRECT_OBJC_ISA_USAGE = YES_ERROR;
				CLANG_WARN_DOCUMENTATION_COMMENTS = YES;
				CLANG_WARN_EMPTY_BODY = YES;
				CLANG_WARN_ENUM_CONVERSION = YES;
				CLANG_WARN_INFINITE_RECURSION = YES;
				CLANG_WARN_INT_CONVERSION = YES;
				CLANG_WARN_NON_LITERAL_NULL_CONVERSION = YES;
				CLANG_WARN_OBJC_IMPLICIT_RETAIN_SELF = YES;
				CLANG_WARN_OBJC_LITERAL_CONVERSION = YES;
				CLANG_WARN_OBJC_ROOT_CLASS = YES_ERROR;
				CLANG_WARN_QUOTED_INCLUDE_IN_FRAMEWORK_HEADER = YES;
				CLANG_WARN_RANGE_LOOP_ANALYSIS = YES;
				CLANG_WARN_STRICT_PROTOTYPES = YES;
				CLANG_WARN_SUSPICIOUS_MOVE = YES;
				CLANG_WARN_UNGUARDED_AVAILABILITY = YES_AGGRESSIVE;
				CLANG_WARN_UNREACHABLE_CODE = YES;
				CLANG_WARN__DUPLICATE_METHOD_MATCH = YES;
				COPY_PHASE_STRIP = NO;
				DEBUG_INFORMATION_FORMAT = "dwarf-with-dsym";
				ENABLE_NS_ASSERTIONS = NO;
				ENABLE_STRICT_OBJC_MSGSEND = YES;
				ENABLE_USER_SCRIPT_SANDBOXING = YES;
				GCC_C_LANGUAGE_STANDARD = gnu17;
				GCC_NO_COMMON_BLOCKS = YES;
				GCC_WARN_64_TO_32_BIT_CONVERSION = YES;
				GCC_WARN_ABOUT_RETURN_TYPE = YES_ERROR;
				GCC_WARN_UNDECLARED_SELECTOR = YES;
				GCC_WARN_UNINITIALIZED_AUTOS = YES_AGGRESSIVE;
				GCC_WARN_UNUSED_FUNCTION = YES;
				GCC_WARN_UNUSED_VARIABLE = YES;
				IPHONEOS_DEPLOYMENT_TARGET = 18.2;
				LOCALIZATION_PREFERS_STRING_CATALOGS = YES;
				MTL_ENABLE_DEBUG_INFO = NO;
				MTL_FAST_MATH = YES;
				SDKROOT = iphoneos;
				SWIFT_COMPILATION_MODE = wholemodule;
				VALIDATE_PRODUCT = YES;
			};
			name = Release;
		};
		F11C28B02DB9D8FE00696581 /* Debug */ = {
			isa = XCBuildConfiguration;
			buildSettings = {
				ASSETCATALOG_COMPILER_APPICON_NAME = AppIcon;
				ASSETCATALOG_COMPILER_GLOBAL_ACCENT_COLOR_NAME = AccentColor;
				CODE_SIGN_STYLE = Automatic;
				CURRENT_PROJECT_VERSION = 1;
				DEVELOPMENT_ASSET_PATHS = "\"Appetiziers/Preview Content\"";
				ENABLE_PREVIEWS = YES;
				GENERATE_INFOPLIST_FILE = YES;
				INFOPLIST_KEY_UIApplicationSceneManifest_Generation = YES;
				INFOPLIST_KEY_UIApplicationSupportsIndirectInputEvents = YES;
				INFOPLIST_KEY_UILaunchScreen_Generation = YES;
				INFOPLIST_KEY_UISupportedInterfaceOrientations_iPad = "UIInterfaceOrientationPortrait UIInterfaceOrientationPortraitUpsideDown UIInterfaceOrientationLandscapeLeft UIInterfaceOrientationLandscapeRight";
				INFOPLIST_KEY_UISupportedInterfaceOrientations_iPhone = "UIInterfaceOrientationPortrait UIInterfaceOrientationLandscapeLeft UIInterfaceOrientationLandscapeRight";
				LD_RUNPATH_SEARCH_PATHS = (
					"$(inherited)",
					"@executable_path/Frameworks",
				);
				MARKETING_VERSION = 1.0;
				PRODUCT_BUNDLE_IDENTIFIER = chan.Appetiziers;
				PRODUCT_NAME = "$(TARGET_NAME)";
				SWIFT_EMIT_LOC_STRINGS = YES;
				SWIFT_VERSION = 5.0;
				TARGETED_DEVICE_FAMILY = "1,2";
			};
			name = Debug;
		};
		F11C28B12DB9D8FE00696581 /* Release */ = {
			isa = XCBuildConfiguration;
			buildSettings = {
				ASSETCATALOG_COMPILER_APPICON_NAME = AppIcon;
				ASSETCATALOG_COMPILER_GLOBAL_ACCENT_COLOR_NAME = AccentColor;
				CODE_SIGN_STYLE = Automatic;
				CURRENT_PROJECT_VERSION = 1;
				DEVELOPMENT_ASSET_PATHS = "\"Appetiziers/Preview Content\"";
				ENABLE_PREVIEWS = YES;
				GENERATE_INFOPLIST_FILE = YES;
				INFOPLIST_KEY_UIApplicationSceneManifest_Generation = YES;
				INFOPLIST_KEY_UIApplicationSupportsIndirectInputEvents = YES;
				INFOPLIST_KEY_UILaunchScreen_Generation = YES;
				INFOPLIST_KEY_UISupportedInterfaceOrientations_iPad = "UIInterfaceOrientationPortrait UIInterfaceOrientationPortraitUpsideDown UIInterfaceOrientationLandscapeLeft UIInterfaceOrientationLandscapeRight";
				INFOPLIST_KEY_UISupportedInterfaceOrientations_iPhone = "UIInterfaceOrientationPortrait UIInterfaceOrientationLandscapeLeft UIInterfaceOrientationLandscapeRight";
				LD_RUNPATH_SEARCH_PATHS = (
					"$(inherited)",
					"@executable_path/Frameworks",
				);
				MARKETING_VERSION = 1.0;
				PRODUCT_BUNDLE_IDENTIFIER = chan.Appetiziers;
				PRODUCT_NAME = "$(TARGET_NAME)";
				SWIFT_EMIT_LOC_STRINGS = YES;
				SWIFT_VERSION = 5.0;
				TARGETED_DEVICE_FAMILY = "1,2";
			};
			name = Release;
		};
		F11C28B32DB9D8FE00696581 /* Debug */ = {
			isa = XCBuildConfiguration;
			buildSettings = {
				BUNDLE_LOADER = "$(TEST_HOST)";
				CODE_SIGN_STYLE = Automatic;
				CURRENT_PROJECT_VERSION = 1;
				GENERATE_INFOPLIST_FILE = YES;
				IPHONEOS_DEPLOYMENT_TARGET = 18.2;
				MARKETING_VERSION = 1.0;
				PRODUCT_BUNDLE_IDENTIFIER = chan.AppetiziersTests;
				PRODUCT_NAME = "$(TARGET_NAME)";
				SWIFT_EMIT_LOC_STRINGS = NO;
				SWIFT_VERSION = 5.0;
				TARGETED_DEVICE_FAMILY = "1,2";
				TEST_HOST = "$(BUILT_PRODUCTS_DIR)/Appetiziers.app/$(BUNDLE_EXECUTABLE_FOLDER_PATH)/Appetiziers";
			};
			name = Debug;
		};
		F11C28B42DB9D8FE00696581 /* Release */ = {
			isa = XCBuildConfiguration;
			buildSettings = {
				BUNDLE_LOADER = "$(TEST_HOST)";
				CODE_SIGN_STYLE = Automatic;
				CURRENT_PROJECT_VERSION = 1;
				GENERATE_INFOPLIST_FILE = YES;
				IPHONEOS_DEPLOYMENT_TARGET = 18.2;
				MARKETING_VERSION = 1.0;
				PRODUCT_BUNDLE_IDENTIFIER = chan.AppetiziersTests;
				PRODUCT_NAME = "$(TARGET_NAME)";
				SWIFT_EMIT_LOC_STRINGS = NO;
				SWIFT_VERSION = 5.0;
				TARGETED_DEVICE_FAMILY = "1,2";
				TEST_HOST = "$(BUILT_PRODUCTS_DIR)/Appetiziers.app/$(BUNDLE_EXECUTABLE_FOLDER_PATH)/Appetiziers";
			};
			name = Release;
		};
		F11C28B62DB9D8FE00696581 /* Debug */ = {
			isa = XCBuildConfiguration;
			buildSettings = {
				CODE_SIGN_STYLE = Automatic;
				CURRENT_PROJECT_VERSION = 1;
				GENERATE_INFOPLIST_FILE = YES;
				MARKETING_VERSION = 1.0;
				PRODUCT_BUNDLE_IDENTIFIER = chan.AppetiziersUITests;
				PRODUCT_NAME = "$(TARGET_NAME)";
				SWIFT_EMIT_LOC_STRINGS = NO;
				SWIFT_VERSION = 5.0;
				TARGETED_DEVICE_FAMILY = "1,2";
				TEST_TARGET_NAME = Appetiziers;
			};
			name = Debug;
		};
		F11C28B72DB9D8FE00696581 /* Release */ = {
			isa = XCBuildConfiguration;
			buildSettings = {
				CODE_SIGN_STYLE = Automatic;
				CURRENT_PROJECT_VERSION = 1;
				GENERATE_INFOPLIST_FILE = YES;
				MARKETING_VERSION = 1.0;
				PRODUCT_BUNDLE_IDENTIFIER = chan.AppetiziersUITests;
				PRODUCT_NAME = "$(TARGET_NAME)";
				SWIFT_EMIT_LOC_STRINGS = NO;
				SWIFT_VERSION = 5.0;
				TARGETED_DEVICE_FAMILY = "1,2";
				TEST_TARGET_NAME = Appetiziers;
			};
			name = Release;
		};
/* End XCBuildConfiguration section */

/* Begin XCConfigurationList section */
		F11C28862DB9D8FD00696581 /* Build configuration list for PBXProject "Appetiziers" */ = {
			isa = XCConfigurationList;
			buildConfigurations = (
				F11C28AD2DB9D8FE00696581 /* Debug */,
				F11C28AE2DB9D8FE00696581 /* Release */,
			);
			defaultConfigurationIsVisible = 0;
			defaultConfigurationName = Release;
		};
		F11C28AF2DB9D8FE00696581 /* Build configuration list for PBXNativeTarget "Appetiziers" */ = {
			isa = XCConfigurationList;
			buildConfigurations = (
				F11C28B02DB9D8FE00696581 /* Debug */,
				F11C28B12DB9D8FE00696581 /* Release */,
			);
			defaultConfigurationIsVisible = 0;
			defaultConfigurationName = Release;
		};
		F11C28B22DB9D8FE00696581 /* Build configuration list for PBXNativeTarget "AppetiziersTests" */ = {
			isa = XCConfigurationList;
			buildConfigurations = (
				F11C28B32DB9D8FE00696581 /* Debug */,
				F11C28B42DB9D8FE00696581 /* Release */,
			);
			defaultConfigurationIsVisible = 0;
			defaultConfigurationName = Release;
		};
		F11C28B52DB9D8FE00696581 /* Build configuration list for PBXNativeTarget "AppetiziersUITests" */ = {
			isa = XCConfigurationList;
			buildConfigurations = (
				F11C28B62DB9D8FE00696581 /* Debug */,
				F11C28B72DB9D8FE00696581 /* Release */,
			);
			defaultConfigurationIsVisible = 0;
			defaultConfigurationName = Release;
		};
/* End XCConfigurationList section */
	};
	rootObject = F11C28832DB9D8FD00696581 /* Project object */;
}
